
Microsoft Visual Studio Solution File, Format Version 12.00
# Visual Studio Version 16
VisualStudioVersion = 16.0.31410.357
MinimumVisualStudioVersion = 10.0.40219.1
Project("{8BC9CEB8-8B4A-11D0-8D11-00A0C91BC942}") = "BitRotation", "BitRotation.vcxproj", "{5027E86E-39AF-4A11-991A-8115F755E692}"
EndProject
Global
	GlobalSection(SolutionConfigurationPlatforms) = preSolution
		Debug|x64 = Debug|x64
		Debug|x86 = Debug|x86
		Release|x64 = Release|x64
		Release|x86 = Release|x86
	EndGlobalSection
	GlobalSection(ProjectConfigurationPlatforms) = postSolution
		{5027E86E-39AF-4A11-991A-8115F755E692}.Debug|x64.ActiveCfg = Debug|x64
		{5027E86E-39AF-4A11-991A-8115F755E692}.Debug|x64.Build.0 = Debug|x64
		{5027E86E-39AF-4A11-991A-8115F755E692}.Debug|x86.ActiveCfg = Debug|Win32
		{5027E86E-39AF-4A11-991A-8115F755E692}.Debug|x86.Build.0 = Debug|Win32
		{5027E86E-39AF-4A11-991A-8115F755E692}.Release|x64.ActiveCfg = Release|x64
		{5027E86E-39AF-4A11-991A-8115F755E692}.Release|x64.Build.0 = Release|x64
		{5027E86E-39AF-4A11-991A-8115F755E692}.Release|x86.ActiveCfg = Release|Win32
		{5027E86E-39AF-4A11-991A-8115F755E692}.Release|x86.Build.0 = Release|Win32
	EndGlobalSection
	GlobalSection(SolutionProperties) = preSolution
		HideSolutionNode = FALSE
	EndGlobalSection
	GlobalSection(ExtensibilityGlobals) = postSolution
		SolutionGuid = {FA1F0875-503F-46A6-AF24-183A7B1FA19B}
	EndGlobalSection
EndGlobal
